
Microsoft Visual Studio Solution File, Format Version 12.00
# Visual Studio 2012
Project("{8BC9CEB8-8B4A-11D0-8D11-00A0C91BC942}") = "Assignment12", "Assignment12\Assignment12.vcxproj", "{1E6516FD-2577-4625-AC13-07D8B58C4EC7}"
EndProject
Global
	GlobalSection(SolutionConfigurationPlatforms) = preSolution
		Debug|Win32 = Debug|Win32
		Release|Win32 = Release|Win32
	EndGlobalSection
	GlobalSection(ProjectConfigurationPlatforms) = postSolution
		{1E6516FD-2577-4625-AC13-07D8B58C4EC7}.Debug|Win32.ActiveCfg = Debug|Win32
		{1E6516FD-2577-4625-AC13-07D8B58C4EC7}.Debug|Win32.Build.0 = Debug|Win32
		{1E6516FD-2577-4625-AC13-07D8B58C4EC7}.Release|Win32.ActiveCfg = Release|Win32
		{1E6516FD-2577-4625-AC13-07D8B58C4EC7}.Release|Win32.Build.0 = Release|Win32
	EndGlobalSection
	GlobalSection(SolutionProperties) = preSolution
		HideSolutionNode = FALSE
	EndGlobalSection
EndGlobal
